
Microsoft Visual Studio Solution File, Format Version 12.00
# Visual Studio Version 17
VisualStudioVersion = 17.14.36518.9
MinimumVisualStudioVersion = 10.0.40219.1
Project("{FAE04EC0-301F-11D3-BF4B-00C04F79EFBC}") = "ShowtimeWebApplication", "ShowtimeWebApplication.csproj", "{71AC2C26-370C-4CEB-9F23-19667332A959}"
EndProject
Project("{FAE04EC0-301F-11D3-BF4B-00C04F79EFBC}") = "ShowtimeTestingProject", "..\ShowtimeUnitTesting\ShowtimeTestingProject.csproj", "{1AC0DF60-A376-47DC-B6A1-57145D46A241}"
EndProject
Project("{FAE04EC0-301F-11D3-BF4B-00C04F79EFBC}") = "ShowtimeAutomationTest", "..\ShowtimeAutomationTest\ShowtimeAutomationTest.csproj", "{06F4669A-7EBB-4CA5-94CF-14EA5AB8ED9D}"
EndProject
Global
	GlobalSection(SolutionConfigurationPlatforms) = preSolution
		Debug|Any CPU = Debug|Any CPU
		Release|Any CPU = Release|Any CPU
	EndGlobalSection
	GlobalSection(ProjectConfigurationPlatforms) = postSolution
		{71AC2C26-370C-4CEB-9F23-19667332A959}.Debug|Any CPU.ActiveCfg = Debug|Any CPU
		{71AC2C26-370C-4CEB-9F23-19667332A959}.Debug|Any CPU.Build.0 = Debug|Any CPU
		{71AC2C26-370C-4CEB-9F23-19667332A959}.Release|Any CPU.ActiveCfg = Release|Any CPU
		{71AC2C26-370C-4CEB-9F23-19667332A959}.Release|Any CPU.Build.0 = Release|Any CPU
		{1AC0DF60-A376-47DC-B6A1-57145D46A241}.Debug|Any CPU.ActiveCfg = Debug|Any CPU
		{1AC0DF60-A376-47DC-B6A1-57145D46A241}.Debug|Any CPU.Build.0 = Debug|Any CPU
		{1AC0DF60-A376-47DC-B6A1-57145D46A241}.Release|Any CPU.ActiveCfg = Release|Any CPU
		{1AC0DF60-A376-47DC-B6A1-57145D46A241}.Release|Any CPU.Build.0 = Release|Any CPU
		{06F4669A-7EBB-4CA5-94CF-14EA5AB8ED9D}.Debug|Any CPU.ActiveCfg = Debug|Any CPU
		{06F4669A-7EBB-4CA5-94CF-14EA5AB8ED9D}.Debug|Any CPU.Build.0 = Debug|Any CPU
		{06F4669A-7EBB-4CA5-94CF-14EA5AB8ED9D}.Release|Any CPU.ActiveCfg = Release|Any CPU
		{06F4669A-7EBB-4CA5-94CF-14EA5AB8ED9D}.Release|Any CPU.Build.0 = Release|Any CPU
	EndGlobalSection
	GlobalSection(SolutionProperties) = preSolution
		HideSolutionNode = FALSE
	EndGlobalSection
	GlobalSection(ExtensibilityGlobals) = postSolution
		SolutionGuid = {463C3197-59E5-480C-91A5-BCDE188EC699}
	EndGlobalSection
EndGlobal
